// !$*UTF8*$!
{
	archiveVersion = 1;
	classes = {
	};
	objectVersion = 51;
	objects = {

/* Begin PBXBuildFile section */
		5499EB70AC992F1EABA2C94B /* Pods_SPSliderDemo.framework in Frameworks */ = {isa = PBXBuildFile; fileRef = 286AE659EEA2211D42E00FEA /* Pods_SPSliderDemo.framework */; };
		F129B036234C526000C4BDFF /* SPAssembleOrderDetailViewController.m in Sources */ = {isa = PBXBuildFile; fileRef = F129B035234C526000C4BDFF /* SPAssembleOrderDetailViewController.m */; };
		F129B039234C554F00C4BDFF /* SPAssembleOrderHeaderView.m in Sources */ = {isa = PBXBuildFile; fileRef = F129B038234C554F00C4BDFF /* SPAssembleOrderHeaderView.m */; };
		F13D42EB233DF55B003E19DF /* SPAssembleSonViewController.m in Sources */ = {isa = PBXBuildFile; fileRef = F13D42EA233DF55B003E19DF /* SPAssembleSonViewController.m */; };
		F13D42EE233DFB34003E19DF /* SPAssembleSonTableViewCell.m in Sources */ = {isa = PBXBuildFile; fileRef = F13D42ED233DFB34003E19DF /* SPAssembleSonTableViewCell.m */; };
		F154138F233CAA5600DF119C /* AppDelegate.m in Sources */ = {isa = PBXBuildFile; fileRef = F154138E233CAA5600DF119C /* AppDelegate.m */; };
		F1541392233CAA5600DF119C /* ViewController.m in Sources */ = {isa = PBXBuildFile; fileRef = F1541391233CAA5600DF119C /* ViewController.m */; };
		F1541395233CAA5600DF119C /* Main.storyboard in Resources */ = {isa = PBXBuildFile; fileRef = F1541393233CAA5600DF119C /* Main.storyboard */; };
		F1541397233CAA5800DF119C /* Assets.xcassets in Resources */ = {isa = PBXBuildFile; fileRef = F1541396233CAA5800DF119C /* Assets.xcassets */; };
		F154139A233CAA5800DF119C /* LaunchScreen.storyboard in Resources */ = {isa = PBXBuildFile; fileRef = F1541398233CAA5800DF119C /* LaunchScreen.storyboard */; };
		F154139D233CAA5800DF119C /* main.m in Sources */ = {isa = PBXBuildFile; fileRef = F154139C233CAA5800DF119C /* main.m */; };
		F15413AA233CAA9E00DF119C /* SPSlideSegmentBarItem.m in Sources */ = {isa = PBXBuildFile; fileRef = F15413A4233CAA9E00DF119C /* SPSlideSegmentBarItem.m */; };
		F15413AB233CAA9E00DF119C /* SPSliderViewController.m in Sources */ = {isa = PBXBuildFile; fileRef = F15413A7233CAA9E00DF119C /* SPSliderViewController.m */; };
		F15413AC233CAA9E00DF119C /* SPAssembleHomeViewController.m in Sources */ = {isa = PBXBuildFile; fileRef = F15413A9233CAA9E00DF119C /* SPAssembleHomeViewController.m */; };
		F15413B4233CAAFF00DF119C /* NSString+SPGetSize.m in Sources */ = {isa = PBXBuildFile; fileRef = F15413B0233CAAFF00DF119C /* NSString+SPGetSize.m */; };
		F15413B5233CAAFF00DF119C /* UIColor+SPAddition.m in Sources */ = {isa = PBXBuildFile; fileRef = F15413B1233CAAFF00DF119C /* UIColor+SPAddition.m */; };
		F15413B6233CAAFF00DF119C /* UIView+SPAddition.m in Sources */ = {isa = PBXBuildFile; fileRef = F15413B2233CAAFF00DF119C /* UIView+SPAddition.m */; };
		F15413CF233CAB9500DF119C /* NSLayoutConstraint+MASDebugAdditions.m in Sources */ = {isa = PBXBuildFile; fileRef = F15413B9233CAB9500DF119C /* NSLayoutConstraint+MASDebugAdditions.m */; };
		F15413D0233CAB9500DF119C /* MASCompositeConstraint.m in Sources */ = {isa = PBXBuildFile; fileRef = F15413C5233CAB9500DF119C /* MASCompositeConstraint.m */; };
		F15413D1233CAB9500DF119C /* MASConstraintMaker.m in Sources */ = {isa = PBXBuildFile; fileRef = F15413C6233CAB9500DF119C /* MASConstraintMaker.m */; };
		F15413D2233CAB9500DF119C /* MASLayoutConstraint.m in Sources */ = {isa = PBXBuildFile; fileRef = F15413C7233CAB9500DF119C /* MASLayoutConstraint.m */; };
		F15413D3233CAB9500DF119C /* NSArray+MASAdditions.m in Sources */ = {isa = PBXBuildFile; fileRef = F15413C8233CAB9500DF119C /* NSArray+MASAdditions.m */; };
		F15413D4233CAB9500DF119C /* View+MASAdditions.m in Sources */ = {isa = PBXBuildFile; fileRef = F15413C9233CAB9500DF119C /* View+MASAdditions.m */; };
		F15413D5233CAB9500DF119C /* MASConstraint.m in Sources */ = {isa = PBXBuildFile; fileRef = F15413CC233CAB9500DF119C /* MASConstraint.m */; };
		F15413D6233CAB9500DF119C /* MASViewConstraint.m in Sources */ = {isa = PBXBuildFile; fileRef = F15413CD233CAB9500DF119C /* MASViewConstraint.m */; };
		F15413D7233CAB9500DF119C /* MASViewAttribute.m in Sources */ = {isa = PBXBuildFile; fileRef = F15413CE233CAB9500DF119C /* MASViewAttribute.m */; };
		F15413DA233CABF100DF119C /* NSArray+SPAddition.m in Sources */ = {isa = PBXBuildFile; fileRef = F15413D9233CABF100DF119C /* NSArray+SPAddition.m */; };
		F1A721AE2340908600EE2465 /* SPAssembleOrderViewController.m in Sources */ = {isa = PBXBuildFile; fileRef = F1A721AD2340908600EE2465 /* SPAssembleOrderViewController.m */; };
		F1A721B4234090F300EE2465 /* SPAssembleOrderSonViewController.m in Sources */ = {isa = PBXBuildFile; fileRef = F1A721B3234090F300EE2465 /* SPAssembleOrderSonViewController.m */; };
		F1A721B8234092D100EE2465 /* SPAssembleOrderSonTableViewCell.m in Sources */ = {isa = PBXBuildFile; fileRef = F1A721B6234092D100EE2465 /* SPAssembleOrderSonTableViewCell.m */; };
		F1A721B9234092D100EE2465 /* SPAssembleOrderSonTableViewCell.xib in Resources */ = {isa = PBXBuildFile; fileRef = F1A721B7234092D100EE2465 /* SPAssembleOrderSonTableViewCell.xib */; };
		F1B5B9A2234C5F2000FCBF3A /* SPAssembleOrderDetailTableViewCell.m in Sources */ = {isa = PBXBuildFile; fileRef = F1B5B9A0234C5F2000FCBF3A /* SPAssembleOrderDetailTableViewCell.m */; };
		F1B5B9A3234C5F2000FCBF3A /* SPAssembleOrderDetailTableViewCell.xib in Resources */ = {isa = PBXBuildFile; fileRef = F1B5B9A1234C5F2000FCBF3A /* SPAssembleOrderDetailTableViewCell.xib */; };
/* End PBXBuildFile section */

/* Begin PBXFileReference section */
		286AE659EEA2211D42E00FEA /* Pods_SPSliderDemo.framework */ = {isa = PBXFileReference; explicitFileType = wrapper.framework; includeInIndex = 0; path = Pods_SPSliderDemo.framework; sourceTree = BUILT_PRODUCTS_DIR; };
		5B466501691E77941D8367EE /* Pods-SPSliderDemo.debug.xcconfig */ = {isa = PBXFileReference; includeInIndex = 1; lastKnownFileType = text.xcconfig; name = "Pods-SPSliderDemo.debug.xcconfig"; path = "Target Support Files/Pods-SPSliderDemo/Pods-SPSliderDemo.debug.xcconfig"; sourceTree = "<group>"; };
		BAF6FA148F8E89BDADBE04B0 /* Pods-SPSliderDemo.release.xcconfig */ = {isa = PBXFileReference; includeInIndex = 1; lastKnownFileType = text.xcconfig; name = "Pods-SPSliderDemo.release.xcconfig"; path = "Target Support Files/Pods-SPSliderDemo/Pods-SPSliderDemo.release.xcconfig"; sourceTree = "<group>"; };
		F129B034234C526000C4BDFF /* SPAssembleOrderDetailViewController.h */ = {isa = PBXFileReference; lastKnownFileType = sourcecode.c.h; path = SPAssembleOrderDetailViewController.h; sourceTree = "<group>"; };
		F129B035234C526000C4BDFF /* SPAssembleOrderDetailViewController.m */ = {isa = PBXFileReference; lastKnownFileType = sourcecode.c.objc; path = SPAssembleOrderDetailViewController.m; sourceTree = "<group>"; };
		F129B037234C554F00C4BDFF /* SPAssembleOrderHeaderView.h */ = {isa = PBXFileReference; lastKnownFileType = sourcecode.c.h; path = SPAssembleOrderHeaderView.h; sourceTree = "<group>"; };
		F129B038234C554F00C4BDFF /* SPAssembleOrderHeaderView.m */ = {isa = PBXFileReference; lastKnownFileType = sourcecode.c.objc; path = SPAssembleOrderHeaderView.m; sourceTree = "<group>"; };
		F13D42E9233DF55B003E19DF /* SPAssembleSonViewController.h */ = {isa = PBXFileReference; lastKnownFileType = sourcecode.c.h; path = SPAssembleSonViewController.h; sourceTree = "<group>"; };
		F13D42EA233DF55B003E19DF /* SPAssembleSonViewController.m */ = {isa = PBXFileReference; lastKnownFileType = sourcecode.c.objc; path = SPAssembleSonViewController.m; sourceTree = "<group>"; };
		F13D42EC233DFB34003E19DF /* SPAssembleSonTableViewCell.h */ = {isa = PBXFileReference; lastKnownFileType = sourcecode.c.h; path = SPAssembleSonTableViewCell.h; sourceTree = "<group>"; };
		F13D42ED233DFB34003E19DF /* SPAssembleSonTableViewCell.m */ = {isa = PBXFileReference; lastKnownFileType = sourcecode.c.objc; path = SPAssembleSonTableViewCell.m; sourceTree = "<group>"; };
		F154138A233CAA5600DF119C /* SPSliderDemo.app */ = {isa = PBXFileReference; explicitFileType = wrapper.application; includeInIndex = 0; path = SPSliderDemo.app; sourceTree = BUILT_PRODUCTS_DIR; };
		F154138D233CAA5600DF119C /* AppDelegate.h */ = {isa = PBXFileReference; lastKnownFileType = sourcecode.c.h; path = AppDelegate.h; sourceTree = "<group>"; };
		F154138E233CAA5600DF119C /* AppDelegate.m */ = {isa = PBXFileReference; lastKnownFileType = sourcecode.c.objc; path = AppDelegate.m; sourceTree = "<group>"; };
		F1541390233CAA5600DF119C /* ViewController.h */ = {isa = PBXFileReference; lastKnownFileType = sourcecode.c.h; path = ViewController.h; sourceTree = "<group>"; };
		F1541391233CAA5600DF119C /* ViewController.m */ = {isa = PBXFileReference; lastKnownFileType = sourcecode.c.objc; path = ViewController.m; sourceTree = "<group>"; };
		F1541394233CAA5600DF119C /* Base */ = {isa = PBXFileReference; lastKnownFileType = file.storyboard; name = Base; path = Base.lproj/Main.storyboard; sourceTree = "<group>"; };
		F1541396233CAA5800DF119C /* Assets.xcassets */ = {isa = PBXFileReference; lastKnownFileType = folder.assetcatalog; path = Assets.xcassets; sourceTree = "<group>"; };
		F1541399233CAA5800DF119C /* Base */ = {isa = PBXFileReference; lastKnownFileType = file.storyboard; name = Base; path = Base.lproj/LaunchScreen.storyboard; sourceTree = "<group>"; };
		F154139B233CAA5800DF119C /* Info.plist */ = {isa = PBXFileReference; lastKnownFileType = text.plist.xml; path = Info.plist; sourceTree = "<group>"; };
		F154139C233CAA5800DF119C /* main.m */ = {isa = PBXFileReference; lastKnownFileType = sourcecode.c.objc; path = main.m; sourceTree = "<group>"; };
		F15413A4233CAA9E00DF119C /* SPSlideSegmentBarItem.m */ = {isa = PBXFileReference; fileEncoding = 4; lastKnownFileType = sourcecode.c.objc; path = SPSlideSegmentBarItem.m; sourceTree = "<group>"; };
		F15413A5233CAA9E00DF119C /* SPSliderViewController.h */ = {isa = PBXFileReference; fileEncoding = 4; lastKnownFileType = sourcecode.c.h; path = SPSliderViewController.h; sourceTree = "<group>"; };
		F15413A6233CAA9E00DF119C /* SPSlideSegmentBarItem.h */ = {isa = PBXFileReference; fileEncoding = 4; lastKnownFileType = sourcecode.c.h; path = SPSlideSegmentBarItem.h; sourceTree = "<group>"; };
		F15413A7233CAA9E00DF119C /* SPSliderViewController.m */ = {isa = PBXFileReference; fileEncoding = 4; lastKnownFileType = sourcecode.c.objc; path = SPSliderViewController.m; sourceTree = "<group>"; };
		F15413A8233CAA9E00DF119C /* SPAssembleHomeViewController.h */ = {isa = PBXFileReference; fileEncoding = 4; lastKnownFileType = sourcecode.c.h; path = SPAssembleHomeViewController.h; sourceTree = "<group>"; };
		F15413A9233CAA9E00DF119C /* SPAssembleHomeViewController.m */ = {isa = PBXFileReference; fileEncoding = 4; lastKnownFileType = sourcecode.c.objc; path = SPAssembleHomeViewController.m; sourceTree = "<group>"; };
		F15413AE233CAAFF00DF119C /* UIView+SPAddition.h */ = {isa = PBXFileReference; fileEncoding = 4; lastKnownFileType = sourcecode.c.h; path = "UIView+SPAddition.h"; sourceTree = "<group>"; };
		F15413AF233CAAFF00DF119C /* UIColor+SPAddition.h */ = {isa = PBXFileReference; fileEncoding = 4; lastKnownFileType = sourcecode.c.h; path = "UIColor+SPAddition.h"; sourceTree = "<group>"; };
		F15413B0233CAAFF00DF119C /* NSString+SPGetSize.m */ = {isa = PBXFileReference; fileEncoding = 4; lastKnownFileType = sourcecode.c.objc; path = "NSString+SPGetSize.m"; sourceTree = "<group>"; };
		F15413B1233CAAFF00DF119C /* UIColor+SPAddition.m */ = {isa = PBXFileReference; fileEncoding = 4; lastKnownFileType = sourcecode.c.objc; path = "UIColor+SPAddition.m"; sourceTree = "<group>"; };
		F15413B2233CAAFF00DF119C /* UIView+SPAddition.m */ = {isa = PBXFileReference; fileEncoding = 4; lastKnownFileType = sourcecode.c.objc; path = "UIView+SPAddition.m"; sourceTree = "<group>"; };
		F15413B3233CAAFF00DF119C /* NSString+SPGetSize.h */ = {isa = PBXFileReference; fileEncoding = 4; lastKnownFileType = sourcecode.c.h; path = "NSString+SPGetSize.h"; sourceTree = "<group>"; };
		F15413B8233CAB9500DF119C /* MASCompositeConstraint.h */ = {isa = PBXFileReference; fileEncoding = 4; lastKnownFileType = sourcecode.c.h; path = MASCompositeConstraint.h; sourceTree = "<group>"; };
		F15413B9233CAB9500DF119C /* NSLayoutConstraint+MASDebugAdditions.m */ = {isa = PBXFileReference; fileEncoding = 4; lastKnownFileType = sourcecode.c.objc; path = "NSLayoutConstraint+MASDebugAdditions.m"; sourceTree = "<group>"; };
		F15413BA233CAB9500DF119C /* MASConstraint+Private.h */ = {isa = PBXFileReference; fileEncoding = 4; lastKnownFileType = sourcecode.c.h; path = "MASConstraint+Private.h"; sourceTree = "<group>"; };
		F15413BB233CAB9500DF119C /* MASLayoutConstraint.h */ = {isa = PBXFileReference; fileEncoding = 4; lastKnownFileType = sourcecode.c.h; path = MASLayoutConstraint.h; sourceTree = "<group>"; };
		F15413BC233CAB9500DF119C /* NSArray+MASShorthandAdditions.h */ = {isa = PBXFileReference; fileEncoding = 4; lastKnownFileType = sourcecode.c.h; path = "NSArray+MASShorthandAdditions.h"; sourceTree = "<group>"; };
		F15413BD233CAB9500DF119C /* MASConstraintMaker.h */ = {isa = PBXFileReference; fileEncoding = 4; lastKnownFileType = sourcecode.c.h; path = MASConstraintMaker.h; sourceTree = "<group>"; };
		F15413BE233CAB9500DF119C /* View+MASAdditions.h */ = {isa = PBXFileReference; fileEncoding = 4; lastKnownFileType = sourcecode.c.h; path = "View+MASAdditions.h"; sourceTree = "<group>"; };
		F15413BF233CAB9500DF119C /* NSArray+MASAdditions.h */ = {isa = PBXFileReference; fileEncoding = 4; lastKnownFileType = sourcecode.c.h; path = "NSArray+MASAdditions.h"; sourceTree = "<group>"; };
		F15413C0233CAB9500DF119C /* MASUtilities.h */ = {isa = PBXFileReference; fileEncoding = 4; lastKnownFileType = sourcecode.c.h; path = MASUtilities.h; sourceTree = "<group>"; };
		F15413C1233CAB9500DF119C /* MASViewAttribute.h */ = {isa = PBXFileReference; fileEncoding = 4; lastKnownFileType = sourcecode.c.h; path = MASViewAttribute.h; sourceTree = "<group>"; };
		F15413C2233CAB9500DF119C /* MASViewConstraint.h */ = {isa = PBXFileReference; fileEncoding = 4; lastKnownFileType = sourcecode.c.h; path = MASViewConstraint.h; sourceTree = "<group>"; };
		F15413C3233CAB9500DF119C /* MASConstraint.h */ = {isa = PBXFileReference; fileEncoding = 4; lastKnownFileType = sourcecode.c.h; path = MASConstraint.h; sourceTree = "<group>"; };
		F15413C4233CAB9500DF119C /* NSLayoutConstraint+MASDebugAdditions.h */ = {isa = PBXFileReference; fileEncoding = 4; lastKnownFileType = sourcecode.c.h; path = "NSLayoutConstraint+MASDebugAdditions.h"; sourceTree = "<group>"; };
		F15413C5233CAB9500DF119C /* MASCompositeConstraint.m */ = {isa = PBXFileReference; fileEncoding = 4; lastKnownFileType = sourcecode.c.objc; path = MASCompositeConstraint.m; sourceTree = "<group>"; };
		F15413C6233CAB9500DF119C /* MASConstraintMaker.m */ = {isa = PBXFileReference; fileEncoding = 4; lastKnownFileType = sourcecode.c.objc; path = MASConstraintMaker.m; sourceTree = "<group>"; };
		F15413C7233CAB9500DF119C /* MASLayoutConstraint.m */ = {isa = PBXFileReference; fileEncoding = 4; lastKnownFileType = sourcecode.c.objc; path = MASLayoutConstraint.m; sourceTree = "<group>"; };
		F15413C8233CAB9500DF119C /* NSArray+MASAdditions.m */ = {isa = PBXFileReference; fileEncoding = 4; lastKnownFileType = sourcecode.c.objc; path = "NSArray+MASAdditions.m"; sourceTree = "<group>"; };
		F15413C9233CAB9500DF119C /* View+MASAdditions.m */ = {isa = PBXFileReference; fileEncoding = 4; lastKnownFileType = sourcecode.c.objc; path = "View+MASAdditions.m"; sourceTree = "<group>"; };
		F15413CA233CAB9500DF119C /* View+MASShorthandAdditions.h */ = {isa = PBXFileReference; fileEncoding = 4; lastKnownFileType = sourcecode.c.h; path = "View+MASShorthandAdditions.h"; sourceTree = "<group>"; };
		F15413CB233CAB9500DF119C /* Masonry.h */ = {isa = PBXFileReference; fileEncoding = 4; lastKnownFileType = sourcecode.c.h; path = Masonry.h; sourceTree = "<group>"; };
		F15413CC233CAB9500DF119C /* MASConstraint.m */ = {isa = PBXFileReference; fileEncoding = 4; lastKnownFileType = sourcecode.c.objc; path = MASConstraint.m; sourceTree = "<group>"; };
		F15413CD233CAB9500DF119C /* MASViewConstraint.m */ = {isa = PBXFileReference; fileEncoding = 4; lastKnownFileType = sourcecode.c.objc; path = MASViewConstraint.m; sourceTree = "<group>"; };
		F15413CE233CAB9500DF119C /* MASViewAttribute.m */ = {isa = PBXFileReference; fileEncoding = 4; lastKnownFileType = sourcecode.c.objc; path = MASViewAttribute.m; sourceTree = "<group>"; };
		F15413D8233CABF100DF119C /* NSArray+SPAddition.h */ = {isa = PBXFileReference; fileEncoding = 4; lastKnownFileType = sourcecode.c.h; path = "NSArray+SPAddition.h"; sourceTree = "<group>"; };
		F15413D9233CABF100DF119C /* NSArray+SPAddition.m */ = {isa = PBXFileReference; fileEncoding = 4; lastKnownFileType = sourcecode.c.objc; path = "NSArray+SPAddition.m"; sourceTree = "<group>"; };
		F1A721AC2340908600EE2465 /* SPAssembleOrderViewController.h */ = {isa = PBXFileReference; lastKnownFileType = sourcecode.c.h; path = SPAssembleOrderViewController.h; sourceTree = "<group>"; };
		F1A721AD2340908600EE2465 /* SPAssembleOrderViewController.m */ = {isa = PBXFileReference; lastKnownFileType = sourcecode.c.objc; path = SPAssembleOrderViewController.m; sourceTree = "<group>"; };
		F1A721B2234090F300EE2465 /* SPAssembleOrderSonViewController.h */ = {isa = PBXFileReference; lastKnownFileType = sourcecode.c.h; path = SPAssembleOrderSonViewController.h; sourceTree = "<group>"; };
		F1A721B3234090F300EE2465 /* SPAssembleOrderSonViewController.m */ = {isa = PBXFileReference; lastKnownFileType = sourcecode.c.objc; path = SPAssembleOrderSonViewController.m; sourceTree = "<group>"; };
		F1A721B5234092D100EE2465 /* SPAssembleOrderSonTableViewCell.h */ = {isa = PBXFileReference; lastKnownFileType = sourcecode.c.h; path = SPAssembleOrderSonTableViewCell.h; sourceTree = "<group>"; };
		F1A721B6234092D100EE2465 /* SPAssembleOrderSonTableViewCell.m */ = {isa = PBXFileReference; lastKnownFileType = sourcecode.c.objc; path = SPAssembleOrderSonTableViewCell.m; sourceTree = "<group>"; };
		F1A721B7234092D100EE2465 /* SPAssembleOrderSonTableViewCell.xib */ = {isa = PBXFileReference; lastKnownFileType = file.xib; path = SPAssembleOrderSonTableViewCell.xib; sourceTree = "<group>"; };
		F1B5B99F234C5F2000FCBF3A /* SPAssembleOrderDetailTableViewCell.h */ = {isa = PBXFileReference; lastKnownFileType = sourcecode.c.h; path = SPAssembleOrderDetailTableViewCell.h; sourceTree = "<group>"; };
		F1B5B9A0234C5F2000FCBF3A /* SPAssembleOrderDetailTableViewCell.m */ = {isa = PBXFileReference; lastKnownFileType = sourcecode.c.objc; path = SPAssembleOrderDetailTableViewCell.m; sourceTree = "<group>"; };
		F1B5B9A1234C5F2000FCBF3A /* SPAssembleOrderDetailTableViewCell.xib */ = {isa = PBXFileReference; lastKnownFileType = file.xib; path = SPAssembleOrderDetailTableViewCell.xib; sourceTree = "<group>"; };
/* End PBXFileReference section */

/* Begin PBXFrameworksBuildPhase section */
		F1541387233CAA5600DF119C /* Frameworks */ = {
			isa = PBXFrameworksBuildPhase;
			buildActionMask = 2147483647;
			files = (
				5499EB70AC992F1EABA2C94B /* Pods_SPSliderDemo.framework in Frameworks */,
			);
			runOnlyForDeploymentPostprocessing = 0;
		};
/* End PBXFrameworksBuildPhase section */

/* Begin PBXGroup section */
		222E3C3CF06B90674F053484 /* Pods */ = {
			isa = PBXGroup;
			children = (
				5B466501691E77941D8367EE /* Pods-SPSliderDemo.debug.xcconfig */,
				BAF6FA148F8E89BDADBE04B0 /* Pods-SPSliderDemo.release.xcconfig */,
			);
			path = Pods;
			sourceTree = "<group>";
		};
		A7F22AFD2C0695F0D0881ABC /* Frameworks */ = {
			isa = PBXGroup;
			children = (
				286AE659EEA2211D42E00FEA /* Pods_SPSliderDemo.framework */,
			);
			name = Frameworks;
			sourceTree = "<group>";
		};
		F129B030234C520200C4BDFF /* SPAssembleOrderDetail */ = {
			isa = PBXGroup;
			children = (
				F129B031234C520200C4BDFF /* Controller */,
				F129B032234C520200C4BDFF /* Model */,
				F129B033234C520200C4BDFF /* View */,
			);
			path = SPAssembleOrderDetail;
			sourceTree = "<group>";
		};
		F129B031234C520200C4BDFF /* Controller */ = {
			isa = PBXGroup;
			children = (
				F129B034234C526000C4BDFF /* SPAssembleOrderDetailViewController.h */,
				F129B035234C526000C4BDFF /* SPAssembleOrderDetailViewController.m */,
			);
			path = Controller;
			sourceTree = "<group>";
		};
		F129B032234C520200C4BDFF /* Model */ = {
			isa = PBXGroup;
			children = (
			);
			path = Model;
			sourceTree = "<group>";
		};
		F129B033234C520200C4BDFF /* View */ = {
			isa = PBXGroup;
			children = (
				F129B037234C554F00C4BDFF /* SPAssembleOrderHeaderView.h */,
				F129B038234C554F00C4BDFF /* SPAssembleOrderHeaderView.m */,
				F1B5B99F234C5F2000FCBF3A /* SPAssembleOrderDetailTableViewCell.h */,
				F1B5B9A0234C5F2000FCBF3A /* SPAssembleOrderDetailTableViewCell.m */,
				F1B5B9A1234C5F2000FCBF3A /* SPAssembleOrderDetailTableViewCell.xib */,
			);
			path = View;
			sourceTree = "<group>";
		};
		F1541381233CAA5600DF119C = {
			isa = PBXGroup;
			children = (
				F154138C233CAA5600DF119C /* SPSliderDemo */,
				F154138B233CAA5600DF119C /* Products */,
				222E3C3CF06B90674F053484 /* Pods */,
				A7F22AFD2C0695F0D0881ABC /* Frameworks */,
			);
			sourceTree = "<group>";
		};
		F154138B233CAA5600DF119C /* Products */ = {
			isa = PBXGroup;
			children = (
				F154138A233CAA5600DF119C /* SPSliderDemo.app */,
			);
			name = Products;
			sourceTree = "<group>";
		};
		F154138C233CAA5600DF119C /* SPSliderDemo */ = {
			isa = PBXGroup;
			children = (
				F154138D233CAA5600DF119C /* AppDelegate.h */,
				F154138E233CAA5600DF119C /* AppDelegate.m */,
				F1541390233CAA5600DF119C /* ViewController.h */,
				F1541391233CAA5600DF119C /* ViewController.m */,
				F129B030234C520200C4BDFF /* SPAssembleOrderDetail */,
				F1A721A82340906B00EE2465 /* SPAssembleOrder */,
				F15413B7233CAB9500DF119C /* Masonry */,
				F15413AD233CAAFF00DF119C /* category */,
				F15413A3233CAA9E00DF119C /* SPSliderController */,
				F15413A8233CAA9E00DF119C /* SPAssembleHomeViewController.h */,
				F15413A9233CAA9E00DF119C /* SPAssembleHomeViewController.m */,
				F13D42E9233DF55B003E19DF /* SPAssembleSonViewController.h */,
				F13D42EA233DF55B003E19DF /* SPAssembleSonViewController.m */,
				F13D42EC233DFB34003E19DF /* SPAssembleSonTableViewCell.h */,
				F13D42ED233DFB34003E19DF /* SPAssembleSonTableViewCell.m */,
				F1541393233CAA5600DF119C /* Main.storyboard */,
				F1541396233CAA5800DF119C /* Assets.xcassets */,
				F1541398233CAA5800DF119C /* LaunchScreen.storyboard */,
				F154139B233CAA5800DF119C /* Info.plist */,
				F154139C233CAA5800DF119C /* main.m */,
			);
			path = SPSliderDemo;
			sourceTree = "<group>";
		};
		F15413A3233CAA9E00DF119C /* SPSliderController */ = {
			isa = PBXGroup;
			children = (
				F15413A5233CAA9E00DF119C /* SPSliderViewController.h */,
				F15413A7233CAA9E00DF119C /* SPSliderViewController.m */,
				F15413A6233CAA9E00DF119C /* SPSlideSegmentBarItem.h */,
				F15413A4233CAA9E00DF119C /* SPSlideSegmentBarItem.m */,
			);
			path = SPSliderController;
			sourceTree = "<group>";
		};
		F15413AD233CAAFF00DF119C /* category */ = {
			isa = PBXGroup;
			children = (
				F15413D8233CABF100DF119C /* NSArray+SPAddition.h */,
				F15413D9233CABF100DF119C /* NSArray+SPAddition.m */,
				F15413AF233CAAFF00DF119C /* UIColor+SPAddition.h */,
				F15413B1233CAAFF00DF119C /* UIColor+SPAddition.m */,
				F15413AE233CAAFF00DF119C /* UIView+SPAddition.h */,
				F15413B2233CAAFF00DF119C /* UIView+SPAddition.m */,
				F15413B3233CAAFF00DF119C /* NSString+SPGetSize.h */,
				F15413B0233CAAFF00DF119C /* NSString+SPGetSize.m */,
			);
			path = category;
			sourceTree = "<group>";
		};
		F15413B7233CAB9500DF119C /* Masonry */ = {
			isa = PBXGroup;
			children = (
				F15413B8233CAB9500DF119C /* MASCompositeConstraint.h */,
				F15413B9233CAB9500DF119C /* NSLayoutConstraint+MASDebugAdditions.m */,
				F15413BA233CAB9500DF119C /* MASConstraint+Private.h */,
				F15413BB233CAB9500DF119C /* MASLayoutConstraint.h */,
				F15413BC233CAB9500DF119C /* NSArray+MASShorthandAdditions.h */,
				F15413BD233CAB9500DF119C /* MASConstraintMaker.h */,
				F15413BE233CAB9500DF119C /* View+MASAdditions.h */,
				F15413BF233CAB9500DF119C /* NSArray+MASAdditions.h */,
				F15413C0233CAB9500DF119C /* MASUtilities.h */,
				F15413C1233CAB9500DF119C /* MASViewAttribute.h */,
				F15413C2233CAB9500DF119C /* MASViewConstraint.h */,
				F15413C3233CAB9500DF119C /* MASConstraint.h */,
				F15413C4233CAB9500DF119C /* NSLayoutConstraint+MASDebugAdditions.h */,
				F15413C5233CAB9500DF119C /* MASCompositeConstraint.m */,
				F15413C6233CAB9500DF119C /* MASConstraintMaker.m */,
				F15413C7233CAB9500DF119C /* MASLayoutConstraint.m */,
				F15413C8233CAB9500DF119C /* NSArray+MASAdditions.m */,
				F15413C9233CAB9500DF119C /* View+MASAdditions.m */,
				F15413CA233CAB9500DF119C /* View+MASShorthandAdditions.h */,
				F15413CB233CAB9500DF119C /* Masonry.h */,
				F15413CC233CAB9500DF119C /* MASConstraint.m */,
				F15413CD233CAB9500DF119C /* MASViewConstraint.m */,
				F15413CE233CAB9500DF119C /* MASViewAttribute.m */,
			);
			path = Masonry;
			sourceTree = "<group>";
		};
		F1A721A82340906B00EE2465 /* SPAssembleOrder */ = {
			isa = PBXGroup;
			children = (
				F1A721A92340906B00EE2465 /* Controller */,
				F1A721AA2340906B00EE2465 /* Model */,
				F1A721AB2340906B00EE2465 /* View */,
			);
			path = SPAssembleOrder;
			sourceTree = "<group>";
		};
		F1A721A92340906B00EE2465 /* Controller */ = {
			isa = PBXGroup;
			children = (
				F1A721AC2340908600EE2465 /* SPAssembleOrderViewController.h */,
				F1A721AD2340908600EE2465 /* SPAssembleOrderViewController.m */,
				F1A721B2234090F300EE2465 /* SPAssembleOrderSonViewController.h */,
				F1A721B3234090F300EE2465 /* SPAssembleOrderSonViewController.m */,
			);
			path = Controller;
			sourceTree = "<group>";
		};
		F1A721AA2340906B00EE2465 /* Model */ = {
			isa = PBXGroup;
			children = (
			);
			path = Model;
			sourceTree = "<group>";
		};
		F1A721AB2340906B00EE2465 /* View */ = {
			isa = PBXGroup;
			children = (
				F1A721B5234092D100EE2465 /* SPAssembleOrderSonTableViewCell.h */,
				F1A721B6234092D100EE2465 /* SPAssembleOrderSonTableViewCell.m */,
				F1A721B7234092D100EE2465 /* SPAssembleOrderSonTableViewCell.xib */,
			);
			path = View;
			sourceTree = "<group>";
		};
/* End PBXGroup section */

/* Begin PBXNativeTarget section */
		F1541389233CAA5600DF119C /* SPSliderDemo */ = {
			isa = PBXNativeTarget;
			buildConfigurationList = F15413A0233CAA5800DF119C /* Build configuration list for PBXNativeTarget "SPSliderDemo" */;
			buildPhases = (
				765D9570C2BA403985AB10B7 /* [CP] Check Pods Manifest.lock */,
				F1541386233CAA5600DF119C /* Sources */,
				F1541387233CAA5600DF119C /* Frameworks */,
				F1541388233CAA5600DF119C /* Resources */,
				86A8035052D40C6542ABE272 /* [CP] Embed Pods Frameworks */,
			);
			buildRules = (
			);
			dependencies = (
			);
			name = SPSliderDemo;
			productName = SPSliderDemo;
			productReference = F154138A233CAA5600DF119C /* SPSliderDemo.app */;
			productType = "com.apple.product-type.application";
		};
/* End PBXNativeTarget section */

/* Begin PBXProject section */
		F1541382233CAA5600DF119C /* Project object */ = {
			isa = PBXProject;
			attributes = {
				LastUpgradeCheck = 1010;
				ORGANIZATIONNAME = hong;
				TargetAttributes = {
					F1541389233CAA5600DF119C = {
						CreatedOnToolsVersion = 10.1;
					};
				};
			};
			buildConfigurationList = F1541385233CAA5600DF119C /* Build configuration list for PBXProject "SPSliderDemo" */;
			compatibilityVersion = "Xcode 9.3";
			developmentRegion = en;
			hasScannedForEncodings = 0;
			knownRegions = (
				en,
				Base,
			);
			mainGroup = F1541381233CAA5600DF119C;
			productRefGroup = F154138B233CAA5600DF119C /* Products */;
			projectDirPath = "";
			projectRoot = "";
			targets = (
				F1541389233CAA5600DF119C /* SPSliderDemo */,
			);
		};
/* End PBXProject section */

/* Begin PBXResourcesBuildPhase section */
		F1541388233CAA5600DF119C /* Resources */ = {
			isa = PBXResourcesBuildPhase;
			buildActionMask = 2147483647;
			files = (
				F154139A233CAA5800DF119C /* LaunchScreen.storyboard in Resources */,
				F1B5B9A3234C5F2000FCBF3A /* SPAssembleOrderDetailTableViewCell.xib in Resources */,
				F1541397233CAA5800DF119C /* Assets.xcassets in Resources */,
				F1A721B9234092D100EE2465 /* SPAssembleOrderSonTableViewCell.xib in Resources */,
				F1541395233CAA5600DF119C /* Main.storyboard in Resources */,
			);
			runOnlyForDeploymentPostprocessing = 0;
		};
/* End PBXResourcesBuildPhase section */

/* Begin PBXShellScriptBuildPhase section */
		765D9570C2BA403985AB10B7 /* [CP] Check Pods Manifest.lock */ = {
			isa = PBXShellScriptBuildPhase;
			buildActionMask = 2147483647;
			files = (
			);
			inputFileListPaths = (
			);
			inputPaths = (
				"${PODS_PODFILE_DIR_PATH}/Podfile.lock",
				"${PODS_ROOT}/Manifest.lock",
			);
			name = "[CP] Check Pods Manifest.lock";
			outputFileListPaths = (
			);
			outputPaths = (
				"$(DERIVED_FILE_DIR)/Pods-SPSliderDemo-checkManifestLockResult.txt",
			);
			runOnlyForDeploymentPostprocessing = 0;
			shellPath = /bin/sh;
			shellScript = "diff \"${PODS_PODFILE_DIR_PATH}/Podfile.lock\" \"${PODS_ROOT}/Manifest.lock\" > /dev/null\nif [ $? != 0 ] ; then\n    # print error to STDERR\n    echo \"error: The sandbox is not in sync with the Podfile.lock. Run 'pod install' or update your CocoaPods installation.\" >&2\n    exit 1\nfi\n# This output is used by Xcode 'outputs' to avoid re-running this script phase.\necho \"SUCCESS\" > \"${SCRIPT_OUTPUT_FILE_0}\"\n";
			showEnvVarsInLog = 0;
		};
		86A8035052D40C6542ABE272 /* [CP] Embed Pods Frameworks */ = {
			isa = PBXShellScriptBuildPhase;
			buildActionMask = 2147483647;
			files = (
			);
			inputFileListPaths = (
				"${PODS_ROOT}/Target Support Files/Pods-SPSliderDemo/Pods-SPSliderDemo-frameworks-${CONFIGURATION}-input-files.xcfilelist",
			);
			name = "[CP] Embed Pods Frameworks";
			outputFileListPaths = (
				"${PODS_ROOT}/Target Support Files/Pods-SPSliderDemo/Pods-SPSliderDemo-frameworks-${CONFIGURATION}-output-files.xcfilelist",
			);
			runOnlyForDeploymentPostprocessing = 0;
			shellPath = /bin/sh;
			shellScript = "\"${PODS_ROOT}/Target Support Files/Pods-SPSliderDemo/Pods-SPSliderDemo-frameworks.sh\"\n";
			showEnvVarsInLog = 0;
		};
/* End PBXShellScriptBuildPhase section */

/* Begin PBXSourcesBuildPhase section */
		F1541386233CAA5600DF119C /* Sources */ = {
			isa = PBXSourcesBuildPhase;
			buildActionMask = 2147483647;
			files = (
				F13D42EE233DFB34003E19DF /* SPAssembleSonTableViewCell.m in Sources */,
				F15413D5233CAB9500DF119C /* MASConstraint.m in Sources */,
				F15413D3233CAB9500DF119C /* NSArray+MASAdditions.m in Sources */,
				F129B039234C554F00C4BDFF /* SPAssembleOrderHeaderView.m in Sources */,
				F1A721B4234090F300EE2465 /* SPAssembleOrderSonViewController.m in Sources */,
				F15413AC233CAA9E00DF119C /* SPAssembleHomeViewController.m in Sources */,
				F15413AB233CAA9E00DF119C /* SPSliderViewController.m in Sources */,
				F1541392233CAA5600DF119C /* ViewController.m in Sources */,
				F15413D7233CAB9500DF119C /* MASViewAttribute.m in Sources */,
				F13D42EB233DF55B003E19DF /* SPAssembleSonViewController.m in Sources */,
				F15413DA233CABF100DF119C /* NSArray+SPAddition.m in Sources */,
				F15413CF233CAB9500DF119C /* NSLayoutConstraint+MASDebugAdditions.m in Sources */,
				F15413D6233CAB9500DF119C /* MASViewConstraint.m in Sources */,
				F15413B6233CAAFF00DF119C /* UIView+SPAddition.m in Sources */,
				F15413D1233CAB9500DF119C /* MASConstraintMaker.m in Sources */,
				F1A721B8234092D100EE2465 /* SPAssembleOrderSonTableViewCell.m in Sources */,
				F15413D2233CAB9500DF119C /* MASLayoutConstraint.m in Sources */,
				F1A721AE2340908600EE2465 /* SPAssembleOrderViewController.m in Sources */,
				F129B036234C526000C4BDFF /* SPAssembleOrderDetailViewController.m in Sources */,
				F15413D4233CAB9500DF119C /* View+MASAdditions.m in Sources */,
				F15413D0233CAB9500DF119C /* MASCompositeConstraint.m in Sources */,
				F15413AA233CAA9E00DF119C /* SPSlideSegmentBarItem.m in Sources */,
				F1B5B9A2234C5F2000FCBF3A /* SPAssembleOrderDetailTableViewCell.m in Sources */,
				F15413B4233CAAFF00DF119C /* NSString+SPGetSize.m in Sources */,
				F154139D233CAA5800DF119C /* main.m in Sources */,
				F15413B5233CAAFF00DF119C /* UIColor+SPAddition.m in Sources */,
				F154138F233CAA5600DF119C /* AppDelegate.m in Sources */,
			);
			runOnlyForDeploymentPostprocessing = 0;
		};
/* End PBXSourcesBuildPhase section */

/* Begin PBXVariantGroup section */
		F1541393233CAA5600DF119C /* Main.storyboard */ = {
			isa = PBXVariantGroup;
			children = (
				F1541394233CAA5600DF119C /* Base */,
			);
			name = Main.storyboard;
			sourceTree = "<group>";
		};
		F1541398233CAA5800DF119C /* LaunchScreen.storyboard */ = {
			isa = PBXVariantGroup;
			children = (
				F1541399233CAA5800DF119C /* Base */,
			);
			name = LaunchScreen.storyboard;
			sourceTree = "<group>";
		};
/* End PBXVariantGroup section */

/* Begin XCBuildConfiguration section */
		F154139E233CAA5800DF119C /* Debug */ = {
			isa = XCBuildConfiguration;
			buildSettings = {
				ALWAYS_SEARCH_USER_PATHS = NO;
				CLANG_ANALYZER_NONNULL = YES;
				CLANG_ANALYZER_NUMBER_OBJECT_CONVERSION = YES_AGGRESSIVE;
				CLANG_CXX_LANGUAGE_STANDARD = "gnu++14";
				CLANG_CXX_LIBRARY = "libc++";
				CLANG_ENABLE_MODULES = YES;
				CLANG_ENABLE_OBJC_ARC = YES;
				CLANG_ENABLE_OBJC_WEAK = YES;
				CLANG_WARN_BLOCK_CAPTURE_AUTORELEASING = YES;
				CLANG_WARN_BOOL_CONVERSION = YES;
				CLANG_WARN_COMMA = YES;
				CLANG_WARN_CONSTANT_CONVERSION = YES;
				CLANG_WARN_DEPRECATED_OBJC_IMPLEMENTATIONS = YES;
				CLANG_WARN_DIRECT_OBJC_ISA_USAGE = YES_ERROR;
				CLANG_WARN_DOCUMENTATION_COMMENTS = YES;
				CLANG_WARN_EMPTY_BODY = YES;
				CLANG_WARN_ENUM_CONVERSION = YES;
				CLANG_WARN_INFINITE_RECURSION = YES;
				CLANG_WARN_INT_CONVERSION = YES;
				CLANG_WARN_NON_LITERAL_NULL_CONVERSION = YES;
				CLANG_WARN_OBJC_IMPLICIT_RETAIN_SELF = YES;
				CLANG_WARN_OBJC_LITERAL_CONVERSION = YES;
				CLANG_WARN_OBJC_ROOT_CLASS = YES_ERROR;
				CLANG_WARN_RANGE_LOOP_ANALYSIS = YES;
				CLANG_WARN_STRICT_PROTOTYPES = YES;
				CLANG_WARN_SUSPICIOUS_MOVE = YES;
				CLANG_WARN_UNGUARDED_AVAILABILITY = YES_AGGRESSIVE;
				CLANG_WARN_UNREACHABLE_CODE = YES;
				CLANG_WARN__DUPLICATE_METHOD_MATCH = YES;
				CODE_SIGN_IDENTITY = "iPhone Developer";
				COPY_PHASE_STRIP = NO;
				DEBUG_INFORMATION_FORMAT = dwarf;
				ENABLE_STRICT_OBJC_MSGSEND = YES;
				ENABLE_TESTABILITY = YES;
				GCC_C_LANGUAGE_STANDARD = gnu11;
				GCC_DYNAMIC_NO_PIC = NO;
				GCC_NO_COMMON_BLOCKS = YES;
				GCC_OPTIMIZATION_LEVEL = 0;
				GCC_PREPROCESSOR_DEFINITIONS = (
					"DEBUG=1",
					"$(inherited)",
				);
				GCC_WARN_64_TO_32_BIT_CONVERSION = YES;
				GCC_WARN_ABOUT_RETURN_TYPE = YES_ERROR;
				GCC_WARN_UNDECLARED_SELECTOR = YES;
				GCC_WARN_UNINITIALIZED_AUTOS = YES_AGGRESSIVE;
				GCC_WARN_UNUSED_FUNCTION = YES;
				GCC_WARN_UNUSED_VARIABLE = YES;
				IPHONEOS_DEPLOYMENT_TARGET = 12.1;
				MTL_ENABLE_DEBUG_INFO = INCLUDE_SOURCE;
				MTL_FAST_MATH = YES;
				ONLY_ACTIVE_ARCH = YES;
				SDKROOT = iphoneos;
			};
			name = Debug;
		};
		F154139F233CAA5800DF119C /* Release */ = {
			isa = XCBuildConfiguration;
			buildSettings = {
				ALWAYS_SEARCH_USER_PATHS = NO;
				CLANG_ANALYZER_NONNULL = YES;
				CLANG_ANALYZER_NUMBER_OBJECT_CONVERSION = YES_AGGRESSIVE;
				CLANG_CXX_LANGUAGE_STANDARD = "gnu++14";
				CLANG_CXX_LIBRARY = "libc++";
				CLANG_ENABLE_MODULES = YES;
				CLANG_ENABLE_OBJC_ARC = YES;
				CLANG_ENABLE_OBJC_WEAK = YES;
				CLANG_WARN_BLOCK_CAPTURE_AUTORELEASING = YES;
				CLANG_WARN_BOOL_CONVERSION = YES;
				CLANG_WARN_COMMA = YES;
				CLANG_WARN_CONSTANT_CONVERSION = YES;
				CLANG_WARN_DEPRECATED_OBJC_IMPLEMENTATIONS = YES;
				CLANG_WARN_DIRECT_OBJC_ISA_USAGE = YES_ERROR;
				CLANG_WARN_DOCUMENTATION_COMMENTS = YES;
				CLANG_WARN_EMPTY_BODY = YES;
				CLANG_WARN_ENUM_CONVERSION = YES;
				CLANG_WARN_INFINITE_RECURSION = YES;
				CLANG_WARN_INT_CONVERSION = YES;
				CLANG_WARN_NON_LITERAL_NULL_CONVERSION = YES;
				CLANG_WARN_OBJC_IMPLICIT_RETAIN_SELF = YES;
				CLANG_WARN_OBJC_LITERAL_CONVERSION = YES;
				CLANG_WARN_OBJC_ROOT_CLASS = YES_ERROR;
				CLANG_WARN_RANGE_LOOP_ANALYSIS = YES;
				CLANG_WARN_STRICT_PROTOTYPES = YES;
				CLANG_WARN_SUSPICIOUS_MOVE = YES;
				CLANG_WARN_UNGUARDED_AVAILABILITY = YES_AGGRESSIVE;
				CLANG_WARN_UNREACHABLE_CODE = YES;
				CLANG_WARN__DUPLICATE_METHOD_MATCH = YES;
				CODE_SIGN_IDENTITY = "iPhone Developer";
				COPY_PHASE_STRIP = NO;
				DEBUG_INFORMATION_FORMAT = "dwarf-with-dsym";
				ENABLE_NS_ASSERTIONS = NO;
				ENABLE_STRICT_OBJC_MSGSEND = YES;
				GCC_C_LANGUAGE_STANDARD = gnu11;
				GCC_NO_COMMON_BLOCKS = YES;
				GCC_WARN_64_TO_32_BIT_CONVERSION = YES;
				GCC_WARN_ABOUT_RETURN_TYPE = YES_ERROR;
				GCC_WARN_UNDECLARED_SELECTOR = YES;
				GCC_WARN_UNINITIALIZED_AUTOS = YES_AGGRESSIVE;
				GCC_WARN_UNUSED_FUNCTION = YES;
				GCC_WARN_UNUSED_VARIABLE = YES;
				IPHONEOS_DEPLOYMENT_TARGET = 12.1;
				MTL_ENABLE_DEBUG_INFO = NO;
				MTL_FAST_MATH = YES;
				SDKROOT = iphoneos;
				VALIDATE_PRODUCT = YES;
			};
			name = Release;
		};
		F15413A1233CAA5800DF119C /* Debug */ = {
			isa = XCBuildConfiguration;
			baseConfigurationReference = 5B466501691E77941D8367EE /* Pods-SPSliderDemo.debug.xcconfig */;
			buildSettings = {
				ASSETCATALOG_COMPILER_APPICON_NAME = AppIcon;
				CODE_SIGN_STYLE = Manual;
				DEVELOPMENT_TEAM = PKKF446GY5;
				INFOPLIST_FILE = SPSliderDemo/Info.plist;
				IPHONEOS_DEPLOYMENT_TARGET = 10.0;
				LD_RUNPATH_SEARCH_PATHS = (
					"$(inherited)",
					"@executable_path/Frameworks",
				);
				PRODUCT_BUNDLE_IDENTIFIER = com.haitao.HaitaoAPP;
				PRODUCT_NAME = "$(TARGET_NAME)";
				PROVISIONING_PROFILE_SPECIFIER = 20190308newDev;
				TARGETED_DEVICE_FAMILY = "1,2";
			};
			name = Debug;
		};
		F15413A2233CAA5800DF119C /* Release */ = {
			isa = XCBuildConfiguration;
			baseConfigurationReference = BAF6FA148F8E89BDADBE04B0 /* Pods-SPSliderDemo.release.xcconfig */;
			buildSettings = {
				ASSETCATALOG_COMPILER_APPICON_NAME = AppIcon;
				CODE_SIGN_STYLE = Manual;
				DEVELOPMENT_TEAM = PKKF446GY5;
				INFOPLIST_FILE = SPSliderDemo/Info.plist;
				IPHONEOS_DEPLOYMENT_TARGET = 10.0;
				LD_RUNPATH_SEARCH_PATHS = (
					"$(inherited)",
					"@executable_path/Frameworks",
				);
				PRODUCT_BUNDLE_IDENTIFIER = com.haitao.HaitaoAPP;
				PRODUCT_NAME = "$(TARGET_NAME)";
				PROVISIONING_PROFILE_SPECIFIER = 20190308newDev;
				TARGETED_DEVICE_FAMILY = "1,2";
			};
			name = Release;
		};
/* End XCBuildConfiguration section */

/* Begin XCConfigurationList section */
		F1541385233CAA5600DF119C /* Build configuration list for PBXProject "SPSliderDemo" */ = {
			isa = XCConfigurationList;
			buildConfigurations = (
				F154139E233CAA5800DF119C /* Debug */,
				F154139F233CAA5800DF119C /* Release */,
			);
			defaultConfigurationIsVisible = 0;
			defaultConfigurationName = Release;
		};
		F15413A0233CAA5800DF119C /* Build configuration list for PBXNativeTarget "SPSliderDemo" */ = {
			isa = XCConfigurationList;
			buildConfigurations = (
				F15413A1233CAA5800DF119C /* Debug */,
				F15413A2233CAA5800DF119C /* Release */,
			);
			defaultConfigurationIsVisible = 0;
			defaultConfigurationName = Release;
		};
/* End XCConfigurationList section */
	};
	rootObject = F1541382233CAA5600DF119C /* Project object */;
}
